# This file was autogenerated by Stack.
# You should not edit this file by hand.
# For more information, please see the documentation at:
#   https://docs.haskellstack.org/en/stable/lock_files

packages:
- completed:
    hackage: sparql-protocol-1.1.0.0@sha256:8e70d44bd191143d0f45aa97d90969123924f3dc973a4f3d54b2973e1b23e44c,1321
    pantry-tree:
      size: 338
      sha256: 74d9fe1f583c1e017ec491176a589c2f7348e414ab38521b5cf3e3254e9d803f
  original:
    hackage: sparql-protocol-1.1.0.0@sha256:8e70d44bd191143d0f45aa97d90969123924f3dc973a4f3d54b2973e1b23e44c,1321
- completed:
    hackage: tabl-1.0.3@sha256:afb14da3426ab9ea3a812d35c0a5f9c07fc65a8017c45286bba85647bd7ef597,1219
    pantry-tree:
      size: 595
      sha256: c977070f3c0bc31c8b5b6897226d3b59e37f39f96bba830297c13deafe4e955c
  original:
    hackage: tabl-1.0.3@sha256:afb14da3426ab9ea3a812d35c0a5f9c07fc65a8017c45286bba85647bd7ef597,1219
snapshots:
- completed:
    size: 524996
    url: https://raw.githubusercontent.com/commercialhaskell/stackage-snapshots/master/lts/14/27.yaml
    sha256: 7ea31a280c56bf36ff591a7397cc384d0dff622e7f9e4225b47d8980f019a0f0
  original: lts-14.27
